
Microsoft Visual Studio Solution File, Format Version 12.00
# Visual Studio Version 17
VisualStudioVersion = 17.14.36705.20 d17.14
MinimumVisualStudioVersion = 10.0.40219.1
Project("{FAE04EC0-301F-11D3-BF4B-00C04F79EFBC}") = "AppAdministrativa", "AppAdministrativa\AppAdministrativa.csproj", "{0EC5F0C5-09EB-4CDF-B83E-0507FF2D8A49}"
EndProject
Global
	GlobalSection(SolutionConfigurationPlatforms) = preSolution
		Debug|Any CPU = Debug|Any CPU
		Release|Any CPU = Release|Any CPU
	EndGlobalSection
	GlobalSection(ProjectConfigurationPlatforms) = postSolution
		{0EC5F0C5-09EB-4CDF-B83E-0507FF2D8A49}.Debug|Any CPU.ActiveCfg = Debug|Any CPU
		{0EC5F0C5-09EB-4CDF-B83E-0507FF2D8A49}.Debug|Any CPU.Build.0 = Debug|Any CPU
		{0EC5F0C5-09EB-4CDF-B83E-0507FF2D8A49}.Release|Any CPU.ActiveCfg = Release|Any CPU
		{0EC5F0C5-09EB-4CDF-B83E-0507FF2D8A49}.Release|Any CPU.Build.0 = Release|Any CPU
	EndGlobalSection
	GlobalSection(SolutionProperties) = preSolution
		HideSolutionNode = FALSE
	EndGlobalSection
	GlobalSection(ExtensibilityGlobals) = postSolution
		SolutionGuid = {BACB6204-D2DF-4E3E-84E2-E4902581C6F2}
	EndGlobalSection
EndGlobal
